# THIS IS AN AUTOGENERATED FILE. DO NOT EDIT THIS FILE DIRECTLY.
# yarn lockfile v1


rn-iphone-helper@^1.0.0:
  version "1.0.0"
  resolved "https://registry.yarnpkg.com/rn-iphone-helper/-/rn-iphone-helper-1.0.0.tgz#a8dd288db05ff5195a1675d2cf53566072f56815"
  integrity sha512-pd1KxAlY2/GrUC2djAU2n8bE49nWljpq053CgJrsrj+3aRVioIpWSzgoWeS4g4sm+gNWSWZXjCmdUMTwyb1DIw==
